<Solution>
  <Folder Name="/src/">
    <File Path="src/Commands" />
    <Project Path="src/ResearchAssistant.Api/ResearchAssistant.Api.csproj" />
    <Project Path="src/ResearchAssistant.ML/ResearchAssistant.ML.csproj" />
    <Project Path="src/ResearchAssistant.Shared/ResearchAssistant.Shared.csproj" />
    <Project Path="src/ResearchAssistant.UI/ResearchAssistant.UI.csproj" />
  </Folder>
</Solution>
